{
  "version": 4,
  "terraform_version": "0.12.1",
  "serial": 3,
  "lineage": "038fb162-6d1b-68c5-121b-b3c9573c4b52",
  "outputs": {},
  "resources": [
    {
      "mode": "managed",
      "type": "google_container_cluster",
      "name": "test_cluster",
      "provider": "provider.google",
      "instances": [
        {
          "schema_version": 1,
          "attributes": {
            "additional_zones": [],
            "addons_config": [
              {
                "horizontal_pod_autoscaling": [],
                "http_load_balancing": [],
                "kubernetes_dashboard": [
                  {
                    "disabled": true
                  }
                ],
                "network_policy_config": [
                  {
                    "disabled": true
                  }
                ]
              }
            ],
            "cluster_autoscaling": [],
            "cluster_ipv4_cidr": "10.60.0.0/14",
            "description": "",
            "enable_binary_authorization": null,
            "enable_intranode_visibility": null,
            "enable_kubernetes_alpha": false,
            "enable_legacy_abac": false,
            "enable_tpu": null,
            "endpoint": "35.246.200.125",
            "id": "test",
            "initial_node_count": 2,
            "instance_group_urls": [
              "https://www.googleapis.com/compute/v1/projects/microservices-242011/zones/europe-west3-b/instanceGroups/gke-test-default-pool-33b32f9b-grp"
            ],
            "ip_allocation_policy": [],
            "location": "europe-west3-b",
            "logging_service": "logging.googleapis.com",
            "maintenance_policy": [],
            "master_auth": [
              {
                "client_certificate": "",
                "client_certificate_config": [
                  {
                    "issue_client_certificate": false
                  }
                ],
                "client_key": "",
                "cluster_ca_certificate": "LS0tLS1CRUdJTiBDRVJUSUZJQ0FURS0tLS0tCk1JSURDekNDQWZPZ0F3SUJBZ0lRTmI3VkZSaDZlZUxJUi9uRnpmMzhjVEFOQmdrcWhraUc5dzBCQVFzRkFEQXYKTVMwd0t3WURWUVFERXlRek1qZ3pNekl6WXkxall6VTRMVFEzTVRrdFlqZ3pZUzFoWVRFMlpqRXlOakJpWXpBdwpIaGNOTVRrd09UQTJNVGMwTXpRNVdoY05NalF3T1RBME1UZzBNelE1V2pBdk1TMHdLd1lEVlFRREV5UXpNamd6Ck16SXpZeTFqWXpVNExUUTNNVGt0WWpnellTMWhZVEUyWmpFeU5qQmlZekF3Z2dFaU1BMEdDU3FHU0liM0RRRUIKQVFVQUE0SUJEd0F3Z2dFS0FvSUJBUURMNnF1clNSY2RUS1lEamhIRGJFSGs5ZmJMc0gzclA1Nkg2U2xJT0c1NApEWlI2R09HL3NHQ2kvMDA1aGJrTXQ2UmJmMGwxWDlsdzBjQmdXd1RhbXFTdm15QkhPYTV2STdqcW91ZWpnd00vCnRZKytoOXRNZ1VDblRjZkNBdUZzbEtTU0RPZjVjQ3RGSytDbnpIZVdPU1dxMTVlVGJLY0NwakNDdUdQOU5SWFcKVEhlVlBoR3ovZDZ1cjlCQkJjU0cvRVNYalVBU09BUjF2aGNHcEdMSnovdkFYcmdINkQ0VlRsV2JDNXlyZjM4WQpmWnV1cjdBMXp0ZkJic0FuUDlBc093S2hWWDVoQ2g2amJWN29sVFVrNkgvemdBaTN2NkNsaWNhVnF1TkxHQnVKCmNhaUh2TWcxbm8yMnF6SXdaazVzcm5leDdBQUR1ZkEzdDhtV1A2c2M1MGpIQWdNQkFBR2pJekFoTUE0R0ExVWQKRHdFQi93UUVBd0lDQkRBUEJnTlZIUk1CQWY4RUJUQURBUUgvTUEwR0NTcUdTSWIzRFFFQkN3VUFBNElCQVFDUQp0dHdhRC9ZUndiSXBuSEdZbWxmWm5DVkhrYzhKdU9UTm1xaUZZVzlYdktFRmE5RnBPMHVtNXBlSitDN3pMWEc2CkZub3BoZTlkTHd6OTdQL2V1TzZRbmlRN050L1E5RWhJQUJkNEJocGJzeUdkOEtBT1ppZ2Y4TVVIWUF4Tk83YWQKU0JDbjYxNE40Z3ZlMU9OaXZ2K0hnaW1sS1JMTGxsVkM4WWlLSHYzbWJ4VStRSnFJSjVxYTYwUW1XUlk0K2hVSAppcmU4b3B6OUFTVkxIUHcycnhFbG9NTEhHQ1BJRmR3alQ3V2VPN3JhTWYvTnNraGNkWitvMkVtVkRlaHhZS0ZaCkE3UWFCM1V6MVBIamJJOVJHVFllU1QyZm4veTlZdm1HZG5TQTBqK0ZvZlUyRXdGTE1GWmVySXZjeWtUZnloR20KSTNiZ2NrS2xSdEUybkJZVmxUQTIKLS0tLS1FTkQgQ0VSVElGSUNBVEUtLS0tLQo=",
                "password": "",
                "username": ""
              }
            ],
            "master_authorized_networks_config": [],
            "master_version": "1.12.8-gke.10",
            "min_master_version": null,
            "monitoring_service": "monitoring.googleapis.com",
            "name": "test",
            "network": "projects/microservices-242011/global/networks/default",
            "network_policy": [
              {
                "enabled": false,
                "provider": "PROVIDER_UNSPECIFIED"
              }
            ],
            "node_config": [
              {
                "disk_size_gb": 100,
                "disk_type": "pd-standard",
                "guest_accelerator": [],
                "image_type": "COS",
                "labels": {},
                "local_ssd_count": 0,
                "machine_type": "n1-standard-1",
                "metadata": {
                  "disable-legacy-endpoints": "true"
                },
                "min_cpu_platform": "",
                "oauth_scopes": [
                  "https://www.googleapis.com/auth/devstorage.read_only",
                  "https://www.googleapis.com/auth/logging.write",
                  "https://www.googleapis.com/auth/monitoring",
                  "https://www.googleapis.com/auth/service.management.readonly",
                  "https://www.googleapis.com/auth/servicecontrol",
                  "https://www.googleapis.com/auth/trace.append"
                ],
                "preemptible": false,
                "sandbox_config": [],
                "service_account": "default",
                "tags": [],
                "taint": [],
                "workload_metadata_config": []
              }
            ],
            "node_locations": [],
            "node_pool": [
              {
                "autoscaling": [],
                "initial_node_count": 2,
                "instance_group_urls": [
                  "https://www.googleapis.com/compute/v1/projects/microservices-242011/zones/europe-west3-b/instanceGroupManagers/gke-test-default-pool-33b32f9b-grp"
                ],
                "management": [
                  {
                    "auto_repair": false,
                    "auto_upgrade": false
                  }
                ],
                "max_pods_per_node": 0,
                "name": "default-pool",
                "name_prefix": "",
                "node_config": [
                  {
                    "disk_size_gb": 100,
                    "disk_type": "pd-standard",
                    "guest_accelerator": [],
                    "image_type": "COS",
                    "labels": {},
                    "local_ssd_count": 0,
                    "machine_type": "n1-standard-1",
                    "metadata": {
                      "disable-legacy-endpoints": "true"
                    },
                    "min_cpu_platform": "",
                    "oauth_scopes": [
                      "https://www.googleapis.com/auth/devstorage.read_only",
                      "https://www.googleapis.com/auth/logging.write",
                      "https://www.googleapis.com/auth/monitoring",
                      "https://www.googleapis.com/auth/service.management.readonly",
                      "https://www.googleapis.com/auth/servicecontrol",
                      "https://www.googleapis.com/auth/trace.append"
                    ],
                    "preemptible": false,
                    "sandbox_config": [],
                    "service_account": "default",
                    "tags": [],
                    "taint": [],
                    "workload_metadata_config": []
                  }
                ],
                "node_count": 2,
                "version": "1.12.8-gke.10"
              }
            ],
            "node_version": "1.12.8-gke.10",
            "pod_security_policy_config": [],
            "private_cluster_config": [],
            "project": "microservices-242011",
            "region": null,
            "remove_default_node_pool": null,
            "resource_labels": null,
            "services_ipv4_cidr": "10.63.240.0/20",
            "subnetwork": "projects/microservices-242011/regions/europe-west3/subnetworks/default",
            "timeouts": null,
            "zone": "europe-west3-b"
          }
        }
      ]
    },
    {
      "mode": "managed",
      "type": "google_container_node_pool",
      "name": "test_cluster_pool",
      "provider": "provider.google",
      "instances": [
        {
          "schema_version": 1,
          "attributes": {
            "autoscaling": [],
            "cluster": "test",
            "id": "europe-west3-b/test/node",
            "initial_node_count": 1,
            "instance_group_urls": [
              "https://www.googleapis.com/compute/v1/projects/microservices-242011/zones/europe-west3-b/instanceGroupManagers/gke-test-node-149fbc7d-grp"
            ],
            "location": "europe-west3-b",
            "management": [
              {
                "auto_repair": false,
                "auto_upgrade": false
              }
            ],
            "max_pods_per_node": null,
            "name": "node",
            "name_prefix": "",
            "node_config": [
              {
                "disk_size_gb": 100,
                "disk_type": "pd-standard",
                "guest_accelerator": [],
                "image_type": "COS",
                "labels": {},
                "local_ssd_count": 0,
                "machine_type": "g1-small",
                "metadata": {
                  "disable-legacy-endpoints": "true"
                },
                "min_cpu_platform": "",
                "oauth_scopes": [
                  "https://www.googleapis.com/auth/logging.write",
                  "https://www.googleapis.com/auth/monitoring"
                ],
                "preemptible": false,
                "sandbox_config": [],
                "service_account": "default",
                "tags": [
                  "dev",
                  "gitlab",
                  "deploy"
                ],
                "taint": [],
                "workload_metadata_config": []
              }
            ],
            "node_count": 1,
            "project": "microservices-242011",
            "region": "europe-west3-b",
            "timeouts": null,
            "version": "1.12.8-gke.10",
            "zone": "europe-west3-b"
          },
          "depends_on": [
            "google_container_cluster.test_cluster"
          ]
        }
      ]
    }
  ]
}
